
Microsoft Visual Studio Solution File, Format Version 12.00
# Visual Studio 15
VisualStudioVersion = 15.0.27130.2010
MinimumVisualStudioVersion = 10.0.40219.1
Project("{9A19103F-16F7-4668-BE54-9A1E7A4F7556}") = "Zoo", "ConsoleApp3\Zoo.csproj", "{A99E90E7-1268-455C-A74A-5C338C9FA672}"
EndProject
Project("{9A19103F-16F7-4668-BE54-9A1E7A4F7556}") = "XUnitTestProject1", "XUnitTestProject1\XUnitTestProject1.csproj", "{51C86A97-6446-4783-AAC1-0931DA1C57CD}"
EndProject
Project("{2150E333-8FDC-42A3-9474-1A3956D46DE8}") = "ZachZoo", "ZachZoo", "{835CA335-8FA4-4C18-BCC6-1BDD83BA2BBB}"
EndProject
Global
	GlobalSection(SolutionConfigurationPlatforms) = preSolution
		Debug|Any CPU = Debug|Any CPU
		Release|Any CPU = Release|Any CPU
	EndGlobalSection
	GlobalSection(ProjectConfigurationPlatforms) = postSolution
		{A99E90E7-1268-455C-A74A-5C338C9FA672}.Debug|Any CPU.ActiveCfg = Debug|Any CPU
		{A99E90E7-1268-455C-A74A-5C338C9FA672}.Debug|Any CPU.Build.0 = Debug|Any CPU
		{A99E90E7-1268-455C-A74A-5C338C9FA672}.Release|Any CPU.ActiveCfg = Release|Any CPU
		{A99E90E7-1268-455C-A74A-5C338C9FA672}.Release|Any CPU.Build.0 = Release|Any CPU
		{51C86A97-6446-4783-AAC1-0931DA1C57CD}.Debug|Any CPU.ActiveCfg = Debug|Any CPU
		{51C86A97-6446-4783-AAC1-0931DA1C57CD}.Debug|Any CPU.Build.0 = Debug|Any CPU
		{51C86A97-6446-4783-AAC1-0931DA1C57CD}.Release|Any CPU.ActiveCfg = Release|Any CPU
		{51C86A97-6446-4783-AAC1-0931DA1C57CD}.Release|Any CPU.Build.0 = Release|Any CPU
	EndGlobalSection
	GlobalSection(SolutionProperties) = preSolution
		HideSolutionNode = FALSE
	EndGlobalSection
	GlobalSection(NestedProjects) = preSolution
		{A99E90E7-1268-455C-A74A-5C338C9FA672} = {835CA335-8FA4-4C18-BCC6-1BDD83BA2BBB}
		{51C86A97-6446-4783-AAC1-0931DA1C57CD} = {835CA335-8FA4-4C18-BCC6-1BDD83BA2BBB}
	EndGlobalSection
	GlobalSection(ExtensibilityGlobals) = postSolution
		SolutionGuid = {B0333D82-7C1B-41CC-8017-A591D605A333}
	EndGlobalSection
EndGlobal
