
Microsoft Visual Studio Solution File, Format Version 12.00
# Visual Studio 15
VisualStudioVersion = 15.0.27130.2010
MinimumVisualStudioVersion = 10.0.40219.1
Project("{9A19103F-16F7-4668-BE54-9A1E7A4F7556}") = "Zoo", "Zoo\Zoo.csproj", "{AC73A6E3-A2E4-4E36-AC5F-5C64D2948920}"
EndProject
Project("{FAE04EC0-301F-11D3-BF4B-00C04F79EFBC}") = "XUnitTestProject1", "XUnitTestProject1\XUnitTestProject1.csproj", "{4FEDFD61-4857-4A6F-B453-A3A547B5052A}"
EndProject
Global
	GlobalSection(SolutionConfigurationPlatforms) = preSolution
		Debug|Any CPU = Debug|Any CPU
		Release|Any CPU = Release|Any CPU
	EndGlobalSection
	GlobalSection(ProjectConfigurationPlatforms) = postSolution
		{AC73A6E3-A2E4-4E36-AC5F-5C64D2948920}.Debug|Any CPU.ActiveCfg = Debug|Any CPU
		{AC73A6E3-A2E4-4E36-AC5F-5C64D2948920}.Debug|Any CPU.Build.0 = Debug|Any CPU
		{AC73A6E3-A2E4-4E36-AC5F-5C64D2948920}.Release|Any CPU.ActiveCfg = Release|Any CPU
		{AC73A6E3-A2E4-4E36-AC5F-5C64D2948920}.Release|Any CPU.Build.0 = Release|Any CPU
		{4FEDFD61-4857-4A6F-B453-A3A547B5052A}.Debug|Any CPU.ActiveCfg = Debug|Any CPU
		{4FEDFD61-4857-4A6F-B453-A3A547B5052A}.Debug|Any CPU.Build.0 = Debug|Any CPU
		{4FEDFD61-4857-4A6F-B453-A3A547B5052A}.Release|Any CPU.ActiveCfg = Release|Any CPU
		{4FEDFD61-4857-4A6F-B453-A3A547B5052A}.Release|Any CPU.Build.0 = Release|Any CPU
	EndGlobalSection
	GlobalSection(SolutionProperties) = preSolution
		HideSolutionNode = FALSE
	EndGlobalSection
	GlobalSection(ExtensibilityGlobals) = postSolution
		SolutionGuid = {60115CAF-CF41-417C-A22A-52E65AE67F35}
	EndGlobalSection
EndGlobal
